// !$*UTF8*$!
{
	archiveVersion = 1;
	classes = {
	};
	objectVersion = 46;
	objects = {

/* Begin PBXBuildFile section */
		A4CB21151CD760FF00355140 /* main.m in Sources */ = {isa = PBXBuildFile; fileRef = A4CB21141CD760FF00355140 /* main.m */; };
		A4CB21181CD760FF00355140 /* AppDelegate.m in Sources */ = {isa = PBXBuildFile; fileRef = A4CB21171CD760FF00355140 /* AppDelegate.m */; };
		A4CB211B1CD760FF00355140 /* CALScanQRCodeExampleViewController.m in Sources */ = {isa = PBXBuildFile; fileRef = A4CB211A1CD760FF00355140 /* CALScanQRCodeExampleViewController.m */; };
		A4CB211E1CD760FF00355140 /* Main.storyboard in Resources */ = {isa = PBXBuildFile; fileRef = A4CB211C1CD760FF00355140 /* Main.storyboard */; };
		A4CB21201CD760FF00355140 /* Assets.xcassets in Resources */ = {isa = PBXBuildFile; fileRef = A4CB211F1CD760FF00355140 /* Assets.xcassets */; };
		A4CB21231CD760FF00355140 /* LaunchScreen.storyboard in Resources */ = {isa = PBXBuildFile; fileRef = A4CB21211CD760FF00355140 /* LaunchScreen.storyboard */; };
		A4CB212E1CD760FF00355140 /* CALScanQRCodeTests.m in Sources */ = {isa = PBXBuildFile; fileRef = A4CB212D1CD760FF00355140 /* CALScanQRCodeTests.m */; };
		A4CB21391CD760FF00355140 /* CALScanQRCodeUITests.m in Sources */ = {isa = PBXBuildFile; fileRef = A4CB21381CD760FF00355140 /* CALScanQRCodeUITests.m */; };
		A4CB21661CD7618C00355140 /* CALScanQRCode.bundle in Resources */ = {isa = PBXBuildFile; fileRef = A4CB21611CD7618C00355140 /* CALScanQRCode.bundle */; };
		A4CB21691CD761B100355140 /* CALScanQRCodeViewController.m in Sources */ = {isa = PBXBuildFile; fileRef = A4CB21681CD761B100355140 /* CALScanQRCodeViewController.m */; };
		A4CB216C1CD761BA00355140 /* CALScanQRCodeCameraView.m in Sources */ = {isa = PBXBuildFile; fileRef = A4CB216B1CD761BA00355140 /* CALScanQRCodeCameraView.m */; };
		A4CB216F1CD761C100355140 /* CALScanQRCodeTitleView.m in Sources */ = {isa = PBXBuildFile; fileRef = A4CB216E1CD761C100355140 /* CALScanQRCodeTitleView.m */; };
/* End PBXBuildFile section */

/* Begin PBXContainerItemProxy section */
		A4CB212A1CD760FF00355140 /* PBXContainerItemProxy */ = {
			isa = PBXContainerItemProxy;
			containerPortal = A4CB21081CD760FF00355140 /* Project object */;
			proxyType = 1;
			remoteGlobalIDString = A4CB210F1CD760FF00355140;
			remoteInfo = CALScanQRCode;
		};
		A4CB21351CD760FF00355140 /* PBXContainerItemProxy */ = {
			isa = PBXContainerItemProxy;
			containerPortal = A4CB21081CD760FF00355140 /* Project object */;
			proxyType = 1;
			remoteGlobalIDString = A4CB210F1CD760FF00355140;
			remoteInfo = CALScanQRCode;
		};
/* End PBXContainerItemProxy section */

/* Begin PBXFileReference section */
		A4CB21101CD760FF00355140 /* CALScanQRCode.app */ = {isa = PBXFileReference; explicitFileType = wrapper.application; includeInIndex = 0; path = CALScanQRCode.app; sourceTree = BUILT_PRODUCTS_DIR; };
		A4CB21141CD760FF00355140 /* main.m */ = {isa = PBXFileReference; lastKnownFileType = sourcecode.c.objc; path = main.m; sourceTree = "<group>"; };
		A4CB21161CD760FF00355140 /* AppDelegate.h */ = {isa = PBXFileReference; lastKnownFileType = sourcecode.c.h; path = AppDelegate.h; sourceTree = "<group>"; };
		A4CB21171CD760FF00355140 /* AppDelegate.m */ = {isa = PBXFileReference; lastKnownFileType = sourcecode.c.objc; path = AppDelegate.m; sourceTree = "<group>"; };
		A4CB21191CD760FF00355140 /* CALScanQRCodeExampleViewController.h */ = {isa = PBXFileReference; lastKnownFileType = sourcecode.c.h; path = CALScanQRCodeExampleViewController.h; sourceTree = "<group>"; };
		A4CB211A1CD760FF00355140 /* CALScanQRCodeExampleViewController.m */ = {isa = PBXFileReference; lastKnownFileType = sourcecode.c.objc; path = CALScanQRCodeExampleViewController.m; sourceTree = "<group>"; };
		A4CB211D1CD760FF00355140 /* Base */ = {isa = PBXFileReference; lastKnownFileType = file.storyboard; name = Base; path = Base.lproj/Main.storyboard; sourceTree = "<group>"; };
		A4CB211F1CD760FF00355140 /* Assets.xcassets */ = {isa = PBXFileReference; lastKnownFileType = folder.assetcatalog; path = Assets.xcassets; sourceTree = "<group>"; };
		A4CB21221CD760FF00355140 /* Base */ = {isa = PBXFileReference; lastKnownFileType = file.storyboard; name = Base; path = Base.lproj/LaunchScreen.storyboard; sourceTree = "<group>"; };
		A4CB21241CD760FF00355140 /* Info.plist */ = {isa = PBXFileReference; lastKnownFileType = text.plist.xml; path = Info.plist; sourceTree = "<group>"; };
		A4CB21291CD760FF00355140 /* CALScanQRCodeTests.xctest */ = {isa = PBXFileReference; explicitFileType = wrapper.cfbundle; includeInIndex = 0; path = CALScanQRCodeTests.xctest; sourceTree = BUILT_PRODUCTS_DIR; };
		A4CB212D1CD760FF00355140 /* CALScanQRCodeTests.m */ = {isa = PBXFileReference; lastKnownFileType = sourcecode.c.objc; path = CALScanQRCodeTests.m; sourceTree = "<group>"; };
		A4CB212F1CD760FF00355140 /* Info.plist */ = {isa = PBXFileReference; lastKnownFileType = text.plist.xml; path = Info.plist; sourceTree = "<group>"; };
		A4CB21341CD760FF00355140 /* CALScanQRCodeUITests.xctest */ = {isa = PBXFileReference; explicitFileType = wrapper.cfbundle; includeInIndex = 0; path = CALScanQRCodeUITests.xctest; sourceTree = BUILT_PRODUCTS_DIR; };
		A4CB21381CD760FF00355140 /* CALScanQRCodeUITests.m */ = {isa = PBXFileReference; lastKnownFileType = sourcecode.c.objc; path = CALScanQRCodeUITests.m; sourceTree = "<group>"; };
		A4CB213A1CD760FF00355140 /* Info.plist */ = {isa = PBXFileReference; lastKnownFileType = text.plist.xml; path = Info.plist; sourceTree = "<group>"; };
		A4CB21611CD7618C00355140 /* CALScanQRCode.bundle */ = {isa = PBXFileReference; lastKnownFileType = "wrapper.plug-in"; path = CALScanQRCode.bundle; sourceTree = "<group>"; };
		A4CB21671CD761B100355140 /* CALScanQRCodeViewController.h */ = {isa = PBXFileReference; fileEncoding = 4; lastKnownFileType = sourcecode.c.h; path = CALScanQRCodeViewController.h; sourceTree = "<group>"; };
		A4CB21681CD761B100355140 /* CALScanQRCodeViewController.m */ = {isa = PBXFileReference; fileEncoding = 4; lastKnownFileType = sourcecode.c.objc; path = CALScanQRCodeViewController.m; sourceTree = "<group>"; };
		A4CB216A1CD761BA00355140 /* CALScanQRCodeCameraView.h */ = {isa = PBXFileReference; fileEncoding = 4; lastKnownFileType = sourcecode.c.h; path = CALScanQRCodeCameraView.h; sourceTree = "<group>"; };
		A4CB216B1CD761BA00355140 /* CALScanQRCodeCameraView.m */ = {isa = PBXFileReference; fileEncoding = 4; lastKnownFileType = sourcecode.c.objc; path = CALScanQRCodeCameraView.m; sourceTree = "<group>"; };
		A4CB216D1CD761C100355140 /* CALScanQRCodeTitleView.h */ = {isa = PBXFileReference; fileEncoding = 4; lastKnownFileType = sourcecode.c.h; path = CALScanQRCodeTitleView.h; sourceTree = "<group>"; };
		A4CB216E1CD761C100355140 /* CALScanQRCodeTitleView.m */ = {isa = PBXFileReference; fileEncoding = 4; lastKnownFileType = sourcecode.c.objc; path = CALScanQRCodeTitleView.m; sourceTree = "<group>"; };
/* End PBXFileReference section */

/* Begin PBXFrameworksBuildPhase section */
		A4CB210D1CD760FF00355140 /* Frameworks */ = {
			isa = PBXFrameworksBuildPhase;
			buildActionMask = 2147483647;
			files = (
			);
			runOnlyForDeploymentPostprocessing = 0;
		};
		A4CB21261CD760FF00355140 /* Frameworks */ = {
			isa = PBXFrameworksBuildPhase;
			buildActionMask = 2147483647;
			files = (
			);
			runOnlyForDeploymentPostprocessing = 0;
		};
		A4CB21311CD760FF00355140 /* Frameworks */ = {
			isa = PBXFrameworksBuildPhase;
			buildActionMask = 2147483647;
			files = (
			);
			runOnlyForDeploymentPostprocessing = 0;
		};
/* End PBXFrameworksBuildPhase section */

/* Begin PBXGroup section */
		A4CB21071CD760FF00355140 = {
			isa = PBXGroup;
			children = (
				A4CB21121CD760FF00355140 /* CALScanQRCode */,
				A4CB212C1CD760FF00355140 /* CALScanQRCodeTests */,
				A4CB21371CD760FF00355140 /* CALScanQRCodeUITests */,
				A4CB21111CD760FF00355140 /* Products */,
			);
			sourceTree = "<group>";
		};
		A4CB21111CD760FF00355140 /* Products */ = {
			isa = PBXGroup;
			children = (
				A4CB21101CD760FF00355140 /* CALScanQRCode.app */,
				A4CB21291CD760FF00355140 /* CALScanQRCodeTests.xctest */,
				A4CB21341CD760FF00355140 /* CALScanQRCodeUITests.xctest */,
			);
			name = Products;
			sourceTree = "<group>";
		};
		A4CB21121CD760FF00355140 /* CALScanQRCode */ = {
			isa = PBXGroup;
			children = (
				A4CB21601CD7618C00355140 /* CALScanQRCode */,
				A4CB21161CD760FF00355140 /* AppDelegate.h */,
				A4CB21171CD760FF00355140 /* AppDelegate.m */,
				A4CB21191CD760FF00355140 /* CALScanQRCodeExampleViewController.h */,
				A4CB211A1CD760FF00355140 /* CALScanQRCodeExampleViewController.m */,
				A4CB211C1CD760FF00355140 /* Main.storyboard */,
				A4CB211F1CD760FF00355140 /* Assets.xcassets */,
				A4CB21211CD760FF00355140 /* LaunchScreen.storyboard */,
				A4CB21241CD760FF00355140 /* Info.plist */,
				A4CB21131CD760FF00355140 /* Supporting Files */,
			);
			path = CALScanQRCode;
			sourceTree = "<group>";
		};
		A4CB21131CD760FF00355140 /* Supporting Files */ = {
			isa = PBXGroup;
			children = (
				A4CB21141CD760FF00355140 /* main.m */,
			);
			name = "Supporting Files";
			sourceTree = "<group>";
		};
		A4CB212C1CD760FF00355140 /* CALScanQRCodeTests */ = {
			isa = PBXGroup;
			children = (
				A4CB212D1CD760FF00355140 /* CALScanQRCodeTests.m */,
				A4CB212F1CD760FF00355140 /* Info.plist */,
			);
			path = CALScanQRCodeTests;
			sourceTree = "<group>";
		};
		A4CB21371CD760FF00355140 /* CALScanQRCodeUITests */ = {
			isa = PBXGroup;
			children = (
				A4CB21381CD760FF00355140 /* CALScanQRCodeUITests.m */,
				A4CB213A1CD760FF00355140 /* Info.plist */,
			);
			path = CALScanQRCodeUITests;
			sourceTree = "<group>";
		};
		A4CB21601CD7618C00355140 /* CALScanQRCode */ = {
			isa = PBXGroup;
			children = (
				A4CB21611CD7618C00355140 /* CALScanQRCode.bundle */,
				A4CB21621CD7618C00355140 /* Controller */,
				A4CB21631CD7618C00355140 /* Views */,
			);
			path = CALScanQRCode;
			sourceTree = "<group>";
		};
		A4CB21621CD7618C00355140 /* Controller */ = {
			isa = PBXGroup;
			children = (
				A4CB21671CD761B100355140 /* CALScanQRCodeViewController.h */,
				A4CB21681CD761B100355140 /* CALScanQRCodeViewController.m */,
			);
			path = Controller;
			sourceTree = "<group>";
		};
		A4CB21631CD7618C00355140 /* Views */ = {
			isa = PBXGroup;
			children = (
				A4CB21641CD7618C00355140 /* CALScanQRCodeCameraView */,
				A4CB21651CD7618C00355140 /* CALScanQRCodeTitleView */,
			);
			path = Views;
			sourceTree = "<group>";
		};
		A4CB21641CD7618C00355140 /* CALScanQRCodeCameraView */ = {
			isa = PBXGroup;
			children = (
				A4CB216A1CD761BA00355140 /* CALScanQRCodeCameraView.h */,
				A4CB216B1CD761BA00355140 /* CALScanQRCodeCameraView.m */,
			);
			path = CALScanQRCodeCameraView;
			sourceTree = "<group>";
		};
		A4CB21651CD7618C00355140 /* CALScanQRCodeTitleView */ = {
			isa = PBXGroup;
			children = (
				A4CB216D1CD761C100355140 /* CALScanQRCodeTitleView.h */,
				A4CB216E1CD761C100355140 /* CALScanQRCodeTitleView.m */,
			);
			path = CALScanQRCodeTitleView;
			sourceTree = "<group>";
		};
/* End PBXGroup section */

/* Begin PBXNativeTarget section */
		A4CB210F1CD760FF00355140 /* CALScanQRCode */ = {
			isa = PBXNativeTarget;
			buildConfigurationList = A4CB213D1CD760FF00355140 /* Build configuration list for PBXNativeTarget "CALScanQRCode" */;
			buildPhases = (
				A4CB210C1CD760FF00355140 /* Sources */,
				A4CB210D1CD760FF00355140 /* Frameworks */,
				A4CB210E1CD760FF00355140 /* Resources */,
			);
			buildRules = (
			);
			dependencies = (
			);
			name = CALScanQRCode;
			productName = CALScanQRCode;
			productReference = A4CB21101CD760FF00355140 /* CALScanQRCode.app */;
			productType = "com.apple.product-type.application";
		};
		A4CB21281CD760FF00355140 /* CALScanQRCodeTests */ = {
			isa = PBXNativeTarget;
			buildConfigurationList = A4CB21401CD760FF00355140 /* Build configuration list for PBXNativeTarget "CALScanQRCodeTests" */;
			buildPhases = (
				A4CB21251CD760FF00355140 /* Sources */,
				A4CB21261CD760FF00355140 /* Frameworks */,
				A4CB21271CD760FF00355140 /* Resources */,
			);
			buildRules = (
			);
			dependencies = (
				A4CB212B1CD760FF00355140 /* PBXTargetDependency */,
			);
			name = CALScanQRCodeTests;
			productName = CALScanQRCodeTests;
			productReference = A4CB21291CD760FF00355140 /* CALScanQRCodeTests.xctest */;
			productType = "com.apple.product-type.bundle.unit-test";
		};
		A4CB21331CD760FF00355140 /* CALScanQRCodeUITests */ = {
			isa = PBXNativeTarget;
			buildConfigurationList = A4CB21431CD760FF00355140 /* Build configuration list for PBXNativeTarget "CALScanQRCodeUITests" */;
			buildPhases = (
				A4CB21301CD760FF00355140 /* Sources */,
				A4CB21311CD760FF00355140 /* Frameworks */,
				A4CB21321CD760FF00355140 /* Resources */,
			);
			buildRules = (
			);
			dependencies = (
				A4CB21361CD760FF00355140 /* PBXTargetDependency */,
			);
			name = CALScanQRCodeUITests;
			productName = CALScanQRCodeUITests;
			productReference = A4CB21341CD760FF00355140 /* CALScanQRCodeUITests.xctest */;
			productType = "com.apple.product-type.bundle.ui-testing";
		};
/* End PBXNativeTarget section */

/* Begin PBXProject section */
		A4CB21081CD760FF00355140 /* Project object */ = {
			isa = PBXProject;
			attributes = {
				LastUpgradeCheck = 0730;
				ORGANIZATIONNAME = Cain;
				TargetAttributes = {
					A4CB210F1CD760FF00355140 = {
						CreatedOnToolsVersion = 7.3;
					};
					A4CB21281CD760FF00355140 = {
						CreatedOnToolsVersion = 7.3;
						TestTargetID = A4CB210F1CD760FF00355140;
					};
					A4CB21331CD760FF00355140 = {
						CreatedOnToolsVersion = 7.3;
						TestTargetID = A4CB210F1CD760FF00355140;
					};
				};
			};
			buildConfigurationList = A4CB210B1CD760FF00355140 /* Build configuration list for PBXProject "CALScanQRCode" */;
			compatibilityVersion = "Xcode 3.2";
			developmentRegion = English;
			hasScannedForEncodings = 0;
			knownRegions = (
				en,
				Base,
			);
			mainGroup = A4CB21071CD760FF00355140;
			productRefGroup = A4CB21111CD760FF00355140 /* Products */;
			projectDirPath = "";
			projectRoot = "";
			targets = (
				A4CB210F1CD760FF00355140 /* CALScanQRCode */,
				A4CB21281CD760FF00355140 /* CALScanQRCodeTests */,
				A4CB21331CD760FF00355140 /* CALScanQRCodeUITests */,
			);
		};
/* End PBXProject section */

/* Begin PBXResourcesBuildPhase section */
		A4CB210E1CD760FF00355140 /* Resources */ = {
			isa = PBXResourcesBuildPhase;
			buildActionMask = 2147483647;
			files = (
				A4CB21231CD760FF00355140 /* LaunchScreen.storyboard in Resources */,
				A4CB21201CD760FF00355140 /* Assets.xcassets in Resources */,
				A4CB211E1CD760FF00355140 /* Main.storyboard in Resources */,
				A4CB21661CD7618C00355140 /* CALScanQRCode.bundle in Resources */,
			);
			runOnlyForDeploymentPostprocessing = 0;
		};
		A4CB21271CD760FF00355140 /* Resources */ = {
			isa = PBXResourcesBuildPhase;
			buildActionMask = 2147483647;
			files = (
			);
			runOnlyForDeploymentPostprocessing = 0;
		};
		A4CB21321CD760FF00355140 /* Resources */ = {
			isa = PBXResourcesBuildPhase;
			buildActionMask = 2147483647;
			files = (
			);
			runOnlyForDeploymentPostprocessing = 0;
		};
/* End PBXResourcesBuildPhase section */

/* Begin PBXSourcesBuildPhase section */
		A4CB210C1CD760FF00355140 /* Sources */ = {
			isa = PBXSourcesBuildPhase;
			buildActionMask = 2147483647;
			files = (
				A4CB211B1CD760FF00355140 /* CALScanQRCodeExampleViewController.m in Sources */,
				A4CB216F1CD761C100355140 /* CALScanQRCodeTitleView.m in Sources */,
				A4CB21181CD760FF00355140 /* AppDelegate.m in Sources */,
				A4CB21691CD761B100355140 /* CALScanQRCodeViewController.m in Sources */,
				A4CB216C1CD761BA00355140 /* CALScanQRCodeCameraView.m in Sources */,
				A4CB21151CD760FF00355140 /* main.m in Sources */,
			);
			runOnlyForDeploymentPostprocessing = 0;
		};
		A4CB21251CD760FF00355140 /* Sources */ = {
			isa = PBXSourcesBuildPhase;
			buildActionMask = 2147483647;
			files = (
				A4CB212E1CD760FF00355140 /* CALScanQRCodeTests.m in Sources */,
			);
			runOnlyForDeploymentPostprocessing = 0;
		};
		A4CB21301CD760FF00355140 /* Sources */ = {
			isa = PBXSourcesBuildPhase;
			buildActionMask = 2147483647;
			files = (
				A4CB21391CD760FF00355140 /* CALScanQRCodeUITests.m in Sources */,
			);
			runOnlyForDeploymentPostprocessing = 0;
		};
/* End PBXSourcesBuildPhase section */

/* Begin PBXTargetDependency section */
		A4CB212B1CD760FF00355140 /* PBXTargetDependency */ = {
			isa = PBXTargetDependency;
			target = A4CB210F1CD760FF00355140 /* CALScanQRCode */;
			targetProxy = A4CB212A1CD760FF00355140 /* PBXContainerItemProxy */;
		};
		A4CB21361CD760FF00355140 /* PBXTargetDependency */ = {
			isa = PBXTargetDependency;
			target = A4CB210F1CD760FF00355140 /* CALScanQRCode */;
			targetProxy = A4CB21351CD760FF00355140 /* PBXContainerItemProxy */;
		};
/* End PBXTargetDependency section */

/* Begin PBXVariantGroup section */
		A4CB211C1CD760FF00355140 /* Main.storyboard */ = {
			isa = PBXVariantGroup;
			children = (
				A4CB211D1CD760FF00355140 /* Base */,
			);
			name = Main.storyboard;
			sourceTree = "<group>";
		};
		A4CB21211CD760FF00355140 /* LaunchScreen.storyboard */ = {
			isa = PBXVariantGroup;
			children = (
				A4CB21221CD760FF00355140 /* Base */,
			);
			name = LaunchScreen.storyboard;
			sourceTree = "<group>";
		};
/* End PBXVariantGroup section */

/* Begin XCBuildConfiguration section */
		A4CB213B1CD760FF00355140 /* Debug */ = {
			isa = XCBuildConfiguration;
			buildSettings = {
				ALWAYS_SEARCH_USER_PATHS = NO;
				CLANG_ANALYZER_NONNULL = YES;
				CLANG_CXX_LANGUAGE_STANDARD = "gnu++0x";
				CLANG_CXX_LIBRARY = "libc++";
				CLANG_ENABLE_MODULES = YES;
				CLANG_ENABLE_OBJC_ARC = YES;
				CLANG_WARN_BOOL_CONVERSION = YES;
				CLANG_WARN_CONSTANT_CONVERSION = YES;
				CLANG_WARN_DIRECT_OBJC_ISA_USAGE = YES_ERROR;
				CLANG_WARN_EMPTY_BODY = YES;
				CLANG_WARN_ENUM_CONVERSION = YES;
				CLANG_WARN_INT_CONVERSION = YES;
				CLANG_WARN_OBJC_ROOT_CLASS = YES_ERROR;
				CLANG_WARN_UNREACHABLE_CODE = YES;
				CLANG_WARN__DUPLICATE_METHOD_MATCH = YES;
				"CODE_SIGN_IDENTITY[sdk=iphoneos*]" = "iPhone Developer";
				COPY_PHASE_STRIP = NO;
				DEBUG_INFORMATION_FORMAT = dwarf;
				ENABLE_STRICT_OBJC_MSGSEND = YES;
				ENABLE_TESTABILITY = YES;
				GCC_C_LANGUAGE_STANDARD = gnu99;
				GCC_DYNAMIC_NO_PIC = NO;
				GCC_NO_COMMON_BLOCKS = YES;
				GCC_OPTIMIZATION_LEVEL = 0;
				GCC_PREPROCESSOR_DEFINITIONS = (
					"DEBUG=1",
					"$(inherited)",
				);
				GCC_WARN_64_TO_32_BIT_CONVERSION = YES;
				GCC_WARN_ABOUT_RETURN_TYPE = YES_ERROR;
				GCC_WARN_UNDECLARED_SELECTOR = YES;
				GCC_WARN_UNINITIALIZED_AUTOS = YES_AGGRESSIVE;
				GCC_WARN_UNUSED_FUNCTION = YES;
				GCC_WARN_UNUSED_VARIABLE = YES;
				IPHONEOS_DEPLOYMENT_TARGET = 9.3;
				MTL_ENABLE_DEBUG_INFO = YES;
				ONLY_ACTIVE_ARCH = YES;
				SDKROOT = iphoneos;
				TARGETED_DEVICE_FAMILY = "1,2";
			};
			name = Debug;
		};
		A4CB213C1CD760FF00355140 /* Release */ = {
			isa = XCBuildConfiguration;
			buildSettings = {
				ALWAYS_SEARCH_USER_PATHS = NO;
				CLANG_ANALYZER_NONNULL = YES;
				CLANG_CXX_LANGUAGE_STANDARD = "gnu++0x";
				CLANG_CXX_LIBRARY = "libc++";
				CLANG_ENABLE_MODULES = YES;
				CLANG_ENABLE_OBJC_ARC = YES;
				CLANG_WARN_BOOL_CONVERSION = YES;
				CLANG_WARN_CONSTANT_CONVERSION = YES;
				CLANG_WARN_DIRECT_OBJC_ISA_USAGE = YES_ERROR;
				CLANG_WARN_EMPTY_BODY = YES;
				CLANG_WARN_ENUM_CONVERSION = YES;
				CLANG_WARN_INT_CONVERSION = YES;
				CLANG_WARN_OBJC_ROOT_CLASS = YES_ERROR;
				CLANG_WARN_UNREACHABLE_CODE = YES;
				CLANG_WARN__DUPLICATE_METHOD_MATCH = YES;
				"CODE_SIGN_IDENTITY[sdk=iphoneos*]" = "iPhone Developer";
				COPY_PHASE_STRIP = NO;
				DEBUG_INFORMATION_FORMAT = "dwarf-with-dsym";
				ENABLE_NS_ASSERTIONS = NO;
				ENABLE_STRICT_OBJC_MSGSEND = YES;
				GCC_C_LANGUAGE_STANDARD = gnu99;
				GCC_NO_COMMON_BLOCKS = YES;
				GCC_WARN_64_TO_32_BIT_CONVERSION = YES;
				GCC_WARN_ABOUT_RETURN_TYPE = YES_ERROR;
				GCC_WARN_UNDECLARED_SELECTOR = YES;
				GCC_WARN_UNINITIALIZED_AUTOS = YES_AGGRESSIVE;
				GCC_WARN_UNUSED_FUNCTION = YES;
				GCC_WARN_UNUSED_VARIABLE = YES;
				IPHONEOS_DEPLOYMENT_TARGET = 9.3;
				MTL_ENABLE_DEBUG_INFO = NO;
				SDKROOT = iphoneos;
				TARGETED_DEVICE_FAMILY = "1,2";
				VALIDATE_PRODUCT = YES;
			};
			name = Release;
		};
		A4CB213E1CD760FF00355140 /* Debug */ = {
			isa = XCBuildConfiguration;
			buildSettings = {
				ASSETCATALOG_COMPILER_APPICON_NAME = AppIcon;
				INFOPLIST_FILE = CALScanQRCode/Info.plist;
				IPHONEOS_DEPLOYMENT_TARGET = 8.0;
				LD_RUNPATH_SEARCH_PATHS = "$(inherited) @executable_path/Frameworks";
				PRODUCT_BUNDLE_IDENTIFIER = cain.CALScanQRCode;
				PRODUCT_NAME = "$(TARGET_NAME)";
			};
			name = Debug;
		};
		A4CB213F1CD760FF00355140 /* Release */ = {
			isa = XCBuildConfiguration;
			buildSettings = {
				ASSETCATALOG_COMPILER_APPICON_NAME = AppIcon;
				INFOPLIST_FILE = CALScanQRCode/Info.plist;
				IPHONEOS_DEPLOYMENT_TARGET = 8.0;
				LD_RUNPATH_SEARCH_PATHS = "$(inherited) @executable_path/Frameworks";
				PRODUCT_BUNDLE_IDENTIFIER = cain.CALScanQRCode;
				PRODUCT_NAME = "$(TARGET_NAME)";
			};
			name = Release;
		};
		A4CB21411CD760FF00355140 /* Debug */ = {
			isa = XCBuildConfiguration;
			buildSettings = {
				BUNDLE_LOADER = "$(TEST_HOST)";
				INFOPLIST_FILE = CALScanQRCodeTests/Info.plist;
				LD_RUNPATH_SEARCH_PATHS = "$(inherited) @executable_path/Frameworks @loader_path/Frameworks";
				PRODUCT_BUNDLE_IDENTIFIER = cain.CALScanQRCodeTests;
				PRODUCT_NAME = "$(TARGET_NAME)";
				TEST_HOST = "$(BUILT_PRODUCTS_DIR)/CALScanQRCode.app/CALScanQRCode";
			};
			name = Debug;
		};
		A4CB21421CD760FF00355140 /* Release */ = {
			isa = XCBuildConfiguration;
			buildSettings = {
				BUNDLE_LOADER = "$(TEST_HOST)";
				INFOPLIST_FILE = CALScanQRCodeTests/Info.plist;
				LD_RUNPATH_SEARCH_PATHS = "$(inherited) @executable_path/Frameworks @loader_path/Frameworks";
				PRODUCT_BUNDLE_IDENTIFIER = cain.CALScanQRCodeTests;
				PRODUCT_NAME = "$(TARGET_NAME)";
				TEST_HOST = "$(BUILT_PRODUCTS_DIR)/CALScanQRCode.app/CALScanQRCode";
			};
			name = Release;
		};
		A4CB21441CD760FF00355140 /* Debug */ = {
			isa = XCBuildConfiguration;
			buildSettings = {
				INFOPLIST_FILE = CALScanQRCodeUITests/Info.plist;
				LD_RUNPATH_SEARCH_PATHS = "$(inherited) @executable_path/Frameworks @loader_path/Frameworks";
				PRODUCT_BUNDLE_IDENTIFIER = cain.CALScanQRCodeUITests;
				PRODUCT_NAME = "$(TARGET_NAME)";
				TEST_TARGET_NAME = CALScanQRCode;
			};
			name = Debug;
		};
		A4CB21451CD760FF00355140 /* Release */ = {
			isa = XCBuildConfiguration;
			buildSettings = {
				INFOPLIST_FILE = CALScanQRCodeUITests/Info.plist;
				LD_RUNPATH_SEARCH_PATHS = "$(inherited) @executable_path/Frameworks @loader_path/Frameworks";
				PRODUCT_BUNDLE_IDENTIFIER = cain.CALScanQRCodeUITests;
				PRODUCT_NAME = "$(TARGET_NAME)";
				TEST_TARGET_NAME = CALScanQRCode;
			};
			name = Release;
		};
/* End XCBuildConfiguration section */

/* Begin XCConfigurationList section */
		A4CB210B1CD760FF00355140 /* Build configuration list for PBXProject "CALScanQRCode" */ = {
			isa = XCConfigurationList;
			buildConfigurations = (
				A4CB213B1CD760FF00355140 /* Debug */,
				A4CB213C1CD760FF00355140 /* Release */,
			);
			defaultConfigurationIsVisible = 0;
			defaultConfigurationName = Release;
		};
		A4CB213D1CD760FF00355140 /* Build configuration list for PBXNativeTarget "CALScanQRCode" */ = {
			isa = XCConfigurationList;
			buildConfigurations = (
				A4CB213E1CD760FF00355140 /* Debug */,
				A4CB213F1CD760FF00355140 /* Release */,
			);
			defaultConfigurationIsVisible = 0;
			defaultConfigurationName = Release;
		};
		A4CB21401CD760FF00355140 /* Build configuration list for PBXNativeTarget "CALScanQRCodeTests" */ = {
			isa = XCConfigurationList;
			buildConfigurations = (
				A4CB21411CD760FF00355140 /* Debug */,
				A4CB21421CD760FF00355140 /* Release */,
			);
			defaultConfigurationIsVisible = 0;
			defaultConfigurationName = Release;
		};
		A4CB21431CD760FF00355140 /* Build configuration list for PBXNativeTarget "CALScanQRCodeUITests" */ = {
			isa = XCConfigurationList;
			buildConfigurations = (
				A4CB21441CD760FF00355140 /* Debug */,
				A4CB21451CD760FF00355140 /* Release */,
			);
			defaultConfigurationIsVisible = 0;
			defaultConfigurationName = Release;
		};
/* End XCConfigurationList section */
	};
	rootObject = A4CB21081CD760FF00355140 /* Project object */;
}
