// !$*UTF8*$!
{
	archiveVersion = 1;
	classes = {
	};
	objectVersion = 46;
	objects = {

/* Begin PBXBuildFile section */
		047F831C1FF22FB900785AFD /* CLScanQRCodeSourceController.m in Sources */ = {isa = PBXBuildFile; fileRef = 047F831B1FF22FB900785AFD /* CLScanQRCodeSourceController.m */; };
		A4CB21151CD760FF00355140 /* main.m in Sources */ = {isa = PBXBuildFile; fileRef = A4CB21141CD760FF00355140 /* main.m */; };
		A4CB21181CD760FF00355140 /* AppDelegate.m in Sources */ = {isa = PBXBuildFile; fileRef = A4CB21171CD760FF00355140 /* AppDelegate.m */; };
		A4CB211B1CD760FF00355140 /* CLScanQRCodeExampleController.m in Sources */ = {isa = PBXBuildFile; fileRef = A4CB211A1CD760FF00355140 /* CLScanQRCodeExampleController.m */; };
		A4CB21201CD760FF00355140 /* Assets.xcassets in Resources */ = {isa = PBXBuildFile; fileRef = A4CB211F1CD760FF00355140 /* Assets.xcassets */; };
		A4CB21231CD760FF00355140 /* LaunchScreen.storyboard in Resources */ = {isa = PBXBuildFile; fileRef = A4CB21211CD760FF00355140 /* LaunchScreen.storyboard */; };
		A4CB21661CD7618C00355140 /* CALScanQRCode.bundle in Resources */ = {isa = PBXBuildFile; fileRef = A4CB21611CD7618C00355140 /* CALScanQRCode.bundle */; };
		A4CB21691CD761B100355140 /* CLScanQRCodeController.m in Sources */ = {isa = PBXBuildFile; fileRef = A4CB21681CD761B100355140 /* CLScanQRCodeController.m */; };
		A4CB216C1CD761BA00355140 /* CLScanQRCodeCameraView.m in Sources */ = {isa = PBXBuildFile; fileRef = A4CB216B1CD761BA00355140 /* CLScanQRCodeCameraView.m */; };
/* End PBXBuildFile section */

/* Begin PBXFileReference section */
		047F831A1FF22FB900785AFD /* CLScanQRCodeSourceController.h */ = {isa = PBXFileReference; lastKnownFileType = sourcecode.c.h; path = CLScanQRCodeSourceController.h; sourceTree = "<group>"; };
		047F831B1FF22FB900785AFD /* CLScanQRCodeSourceController.m */ = {isa = PBXFileReference; lastKnownFileType = sourcecode.c.objc; path = CLScanQRCodeSourceController.m; sourceTree = "<group>"; };
		A4CB21101CD760FF00355140 /* CALScanQRCode.app */ = {isa = PBXFileReference; explicitFileType = wrapper.application; includeInIndex = 0; path = CALScanQRCode.app; sourceTree = BUILT_PRODUCTS_DIR; };
		A4CB21141CD760FF00355140 /* main.m */ = {isa = PBXFileReference; lastKnownFileType = sourcecode.c.objc; path = main.m; sourceTree = "<group>"; };
		A4CB21161CD760FF00355140 /* AppDelegate.h */ = {isa = PBXFileReference; lastKnownFileType = sourcecode.c.h; path = AppDelegate.h; sourceTree = "<group>"; };
		A4CB21171CD760FF00355140 /* AppDelegate.m */ = {isa = PBXFileReference; lastKnownFileType = sourcecode.c.objc; path = AppDelegate.m; sourceTree = "<group>"; };
		A4CB21191CD760FF00355140 /* CLScanQRCodeExampleController.h */ = {isa = PBXFileReference; lastKnownFileType = sourcecode.c.h; path = CLScanQRCodeExampleController.h; sourceTree = "<group>"; };
		A4CB211A1CD760FF00355140 /* CLScanQRCodeExampleController.m */ = {isa = PBXFileReference; lastKnownFileType = sourcecode.c.objc; path = CLScanQRCodeExampleController.m; sourceTree = "<group>"; };
		A4CB211F1CD760FF00355140 /* Assets.xcassets */ = {isa = PBXFileReference; lastKnownFileType = folder.assetcatalog; path = Assets.xcassets; sourceTree = "<group>"; };
		A4CB21221CD760FF00355140 /* Base */ = {isa = PBXFileReference; lastKnownFileType = file.storyboard; name = Base; path = Base.lproj/LaunchScreen.storyboard; sourceTree = "<group>"; };
		A4CB21241CD760FF00355140 /* Info.plist */ = {isa = PBXFileReference; lastKnownFileType = text.plist.xml; path = Info.plist; sourceTree = "<group>"; };
		A4CB21611CD7618C00355140 /* CALScanQRCode.bundle */ = {isa = PBXFileReference; lastKnownFileType = "wrapper.plug-in"; path = CALScanQRCode.bundle; sourceTree = "<group>"; };
		A4CB21671CD761B100355140 /* CLScanQRCodeController.h */ = {isa = PBXFileReference; fileEncoding = 4; lastKnownFileType = sourcecode.c.h; path = CLScanQRCodeController.h; sourceTree = "<group>"; };
		A4CB21681CD761B100355140 /* CLScanQRCodeController.m */ = {isa = PBXFileReference; fileEncoding = 4; lastKnownFileType = sourcecode.c.objc; path = CLScanQRCodeController.m; sourceTree = "<group>"; };
		A4CB216A1CD761BA00355140 /* CLScanQRCodeCameraView.h */ = {isa = PBXFileReference; fileEncoding = 4; lastKnownFileType = sourcecode.c.h; path = CLScanQRCodeCameraView.h; sourceTree = "<group>"; };
		A4CB216B1CD761BA00355140 /* CLScanQRCodeCameraView.m */ = {isa = PBXFileReference; fileEncoding = 4; lastKnownFileType = sourcecode.c.objc; path = CLScanQRCodeCameraView.m; sourceTree = "<group>"; };
/* End PBXFileReference section */

/* Begin PBXFrameworksBuildPhase section */
		A4CB210D1CD760FF00355140 /* Frameworks */ = {
			isa = PBXFrameworksBuildPhase;
			buildActionMask = 2147483647;
			files = (
			);
			runOnlyForDeploymentPostprocessing = 0;
		};
/* End PBXFrameworksBuildPhase section */

/* Begin PBXGroup section */
		047F83141FF22E3C00785AFD /* CLScanQRCodeController */ = {
			isa = PBXGroup;
			children = (
				A4CB21191CD760FF00355140 /* CLScanQRCodeExampleController.h */,
				A4CB211A1CD760FF00355140 /* CLScanQRCodeExampleController.m */,
			);
			path = CLScanQRCodeController;
			sourceTree = "<group>";
		};
		047F83151FF22E5100785AFD /* AppDelegate */ = {
			isa = PBXGroup;
			children = (
				A4CB21161CD760FF00355140 /* AppDelegate.h */,
				A4CB21171CD760FF00355140 /* AppDelegate.m */,
			);
			path = AppDelegate;
			sourceTree = "<group>";
		};
		047F83161FF22E6100785AFD /* Resource */ = {
			isa = PBXGroup;
			children = (
				A4CB211F1CD760FF00355140 /* Assets.xcassets */,
				A4CB21241CD760FF00355140 /* Info.plist */,
				A4CB21211CD760FF00355140 /* LaunchScreen.storyboard */,
			);
			path = Resource;
			sourceTree = "<group>";
		};
		047F83171FF22F8B00785AFD /* CLScanQRCodeSource */ = {
			isa = PBXGroup;
			children = (
				047F83181FF22F9700785AFD /* CLScanQRCodeSourceController */,
				047F83191FF22F9D00785AFD /* Views */,
			);
			path = CLScanQRCodeSource;
			sourceTree = "<group>";
		};
		047F83181FF22F9700785AFD /* CLScanQRCodeSourceController */ = {
			isa = PBXGroup;
			children = (
				047F831A1FF22FB900785AFD /* CLScanQRCodeSourceController.h */,
				047F831B1FF22FB900785AFD /* CLScanQRCodeSourceController.m */,
			);
			path = CLScanQRCodeSourceController;
			sourceTree = "<group>";
		};
		047F83191FF22F9D00785AFD /* Views */ = {
			isa = PBXGroup;
			children = (
			);
			path = Views;
			sourceTree = "<group>";
		};
		A4CB21071CD760FF00355140 = {
			isa = PBXGroup;
			children = (
				A4CB21121CD760FF00355140 /* CALScanQRCode */,
				A4CB21111CD760FF00355140 /* Products */,
			);
			sourceTree = "<group>";
		};
		A4CB21111CD760FF00355140 /* Products */ = {
			isa = PBXGroup;
			children = (
				A4CB21101CD760FF00355140 /* CALScanQRCode.app */,
			);
			name = Products;
			sourceTree = "<group>";
		};
		A4CB21121CD760FF00355140 /* CALScanQRCode */ = {
			isa = PBXGroup;
			children = (
				047F83151FF22E5100785AFD /* AppDelegate */,
				A4CB21601CD7618C00355140 /* CALScanQRCode */,
				047F83141FF22E3C00785AFD /* CLScanQRCodeController */,
				047F83171FF22F8B00785AFD /* CLScanQRCodeSource */,
				047F83161FF22E6100785AFD /* Resource */,
				A4CB21131CD760FF00355140 /* Supporting Files */,
			);
			path = CALScanQRCode;
			sourceTree = "<group>";
		};
		A4CB21131CD760FF00355140 /* Supporting Files */ = {
			isa = PBXGroup;
			children = (
				A4CB21141CD760FF00355140 /* main.m */,
			);
			name = "Supporting Files";
			sourceTree = "<group>";
		};
		A4CB21601CD7618C00355140 /* CALScanQRCode */ = {
			isa = PBXGroup;
			children = (
				A4CB21611CD7618C00355140 /* CALScanQRCode.bundle */,
				A4CB21621CD7618C00355140 /* Controller */,
				A4CB21631CD7618C00355140 /* Views */,
			);
			path = CALScanQRCode;
			sourceTree = "<group>";
		};
		A4CB21621CD7618C00355140 /* Controller */ = {
			isa = PBXGroup;
			children = (
				A4CB21671CD761B100355140 /* CLScanQRCodeController.h */,
				A4CB21681CD761B100355140 /* CLScanQRCodeController.m */,
			);
			path = Controller;
			sourceTree = "<group>";
		};
		A4CB21631CD7618C00355140 /* Views */ = {
			isa = PBXGroup;
			children = (
				A4CB21641CD7618C00355140 /* CLScanQRCodeCameraView */,
			);
			path = Views;
			sourceTree = "<group>";
		};
		A4CB21641CD7618C00355140 /* CLScanQRCodeCameraView */ = {
			isa = PBXGroup;
			children = (
				A4CB216A1CD761BA00355140 /* CLScanQRCodeCameraView.h */,
				A4CB216B1CD761BA00355140 /* CLScanQRCodeCameraView.m */,
			);
			path = CLScanQRCodeCameraView;
			sourceTree = "<group>";
		};
/* End PBXGroup section */

/* Begin PBXNativeTarget section */
		A4CB210F1CD760FF00355140 /* CALScanQRCode */ = {
			isa = PBXNativeTarget;
			buildConfigurationList = A4CB213D1CD760FF00355140 /* Build configuration list for PBXNativeTarget "CALScanQRCode" */;
			buildPhases = (
				A4CB210C1CD760FF00355140 /* Sources */,
				A4CB210D1CD760FF00355140 /* Frameworks */,
				A4CB210E1CD760FF00355140 /* Resources */,
			);
			buildRules = (
			);
			dependencies = (
			);
			name = CALScanQRCode;
			productName = CALScanQRCode;
			productReference = A4CB21101CD760FF00355140 /* CALScanQRCode.app */;
			productType = "com.apple.product-type.application";
		};
/* End PBXNativeTarget section */

/* Begin PBXProject section */
		A4CB21081CD760FF00355140 /* Project object */ = {
			isa = PBXProject;
			attributes = {
				LastUpgradeCheck = 0730;
				ORGANIZATIONNAME = Cain;
				TargetAttributes = {
					A4CB210F1CD760FF00355140 = {
						CreatedOnToolsVersion = 7.3;
						DevelopmentTeam = J26ST3TDCL;
					};
				};
			};
			buildConfigurationList = A4CB210B1CD760FF00355140 /* Build configuration list for PBXProject "CALScanQRCode" */;
			compatibilityVersion = "Xcode 3.2";
			developmentRegion = English;
			hasScannedForEncodings = 0;
			knownRegions = (
				en,
				Base,
			);
			mainGroup = A4CB21071CD760FF00355140;
			productRefGroup = A4CB21111CD760FF00355140 /* Products */;
			projectDirPath = "";
			projectRoot = "";
			targets = (
				A4CB210F1CD760FF00355140 /* CALScanQRCode */,
			);
		};
/* End PBXProject section */

/* Begin PBXResourcesBuildPhase section */
		A4CB210E1CD760FF00355140 /* Resources */ = {
			isa = PBXResourcesBuildPhase;
			buildActionMask = 2147483647;
			files = (
				A4CB21231CD760FF00355140 /* LaunchScreen.storyboard in Resources */,
				A4CB21201CD760FF00355140 /* Assets.xcassets in Resources */,
				A4CB21661CD7618C00355140 /* CALScanQRCode.bundle in Resources */,
			);
			runOnlyForDeploymentPostprocessing = 0;
		};
/* End PBXResourcesBuildPhase section */

/* Begin PBXSourcesBuildPhase section */
		A4CB210C1CD760FF00355140 /* Sources */ = {
			isa = PBXSourcesBuildPhase;
			buildActionMask = 2147483647;
			files = (
				A4CB211B1CD760FF00355140 /* CLScanQRCodeExampleController.m in Sources */,
				A4CB21181CD760FF00355140 /* AppDelegate.m in Sources */,
				047F831C1FF22FB900785AFD /* CLScanQRCodeSourceController.m in Sources */,
				A4CB21691CD761B100355140 /* CLScanQRCodeController.m in Sources */,
				A4CB216C1CD761BA00355140 /* CLScanQRCodeCameraView.m in Sources */,
				A4CB21151CD760FF00355140 /* main.m in Sources */,
			);
			runOnlyForDeploymentPostprocessing = 0;
		};
/* End PBXSourcesBuildPhase section */

/* Begin PBXVariantGroup section */
		A4CB21211CD760FF00355140 /* LaunchScreen.storyboard */ = {
			isa = PBXVariantGroup;
			children = (
				A4CB21221CD760FF00355140 /* Base */,
			);
			name = LaunchScreen.storyboard;
			sourceTree = "<group>";
		};
/* End PBXVariantGroup section */

/* Begin XCBuildConfiguration section */
		A4CB213B1CD760FF00355140 /* Debug */ = {
			isa = XCBuildConfiguration;
			buildSettings = {
				ALWAYS_SEARCH_USER_PATHS = NO;
				CLANG_ANALYZER_NONNULL = YES;
				CLANG_CXX_LANGUAGE_STANDARD = "gnu++0x";
				CLANG_CXX_LIBRARY = "libc++";
				CLANG_ENABLE_MODULES = YES;
				CLANG_ENABLE_OBJC_ARC = YES;
				CLANG_WARN_BOOL_CONVERSION = YES;
				CLANG_WARN_CONSTANT_CONVERSION = YES;
				CLANG_WARN_DIRECT_OBJC_ISA_USAGE = YES_ERROR;
				CLANG_WARN_EMPTY_BODY = YES;
				CLANG_WARN_ENUM_CONVERSION = YES;
				CLANG_WARN_INT_CONVERSION = YES;
				CLANG_WARN_OBJC_ROOT_CLASS = YES_ERROR;
				CLANG_WARN_UNREACHABLE_CODE = YES;
				CLANG_WARN__DUPLICATE_METHOD_MATCH = YES;
				"CODE_SIGN_IDENTITY[sdk=iphoneos*]" = "iPhone Developer";
				COPY_PHASE_STRIP = NO;
				DEBUG_INFORMATION_FORMAT = dwarf;
				ENABLE_STRICT_OBJC_MSGSEND = YES;
				ENABLE_TESTABILITY = YES;
				GCC_C_LANGUAGE_STANDARD = gnu99;
				GCC_DYNAMIC_NO_PIC = NO;
				GCC_NO_COMMON_BLOCKS = YES;
				GCC_OPTIMIZATION_LEVEL = 0;
				GCC_PREPROCESSOR_DEFINITIONS = (
					"DEBUG=1",
					"$(inherited)",
				);
				GCC_WARN_64_TO_32_BIT_CONVERSION = YES;
				GCC_WARN_ABOUT_RETURN_TYPE = YES_ERROR;
				GCC_WARN_UNDECLARED_SELECTOR = YES;
				GCC_WARN_UNINITIALIZED_AUTOS = YES_AGGRESSIVE;
				GCC_WARN_UNUSED_FUNCTION = YES;
				GCC_WARN_UNUSED_VARIABLE = YES;
				IPHONEOS_DEPLOYMENT_TARGET = 9.3;
				MTL_ENABLE_DEBUG_INFO = YES;
				ONLY_ACTIVE_ARCH = YES;
				SDKROOT = iphoneos;
				TARGETED_DEVICE_FAMILY = "1,2";
			};
			name = Debug;
		};
		A4CB213C1CD760FF00355140 /* Release */ = {
			isa = XCBuildConfiguration;
			buildSettings = {
				ALWAYS_SEARCH_USER_PATHS = NO;
				CLANG_ANALYZER_NONNULL = YES;
				CLANG_CXX_LANGUAGE_STANDARD = "gnu++0x";
				CLANG_CXX_LIBRARY = "libc++";
				CLANG_ENABLE_MODULES = YES;
				CLANG_ENABLE_OBJC_ARC = YES;
				CLANG_WARN_BOOL_CONVERSION = YES;
				CLANG_WARN_CONSTANT_CONVERSION = YES;
				CLANG_WARN_DIRECT_OBJC_ISA_USAGE = YES_ERROR;
				CLANG_WARN_EMPTY_BODY = YES;
				CLANG_WARN_ENUM_CONVERSION = YES;
				CLANG_WARN_INT_CONVERSION = YES;
				CLANG_WARN_OBJC_ROOT_CLASS = YES_ERROR;
				CLANG_WARN_UNREACHABLE_CODE = YES;
				CLANG_WARN__DUPLICATE_METHOD_MATCH = YES;
				"CODE_SIGN_IDENTITY[sdk=iphoneos*]" = "iPhone Developer";
				COPY_PHASE_STRIP = NO;
				DEBUG_INFORMATION_FORMAT = "dwarf-with-dsym";
				ENABLE_NS_ASSERTIONS = NO;
				ENABLE_STRICT_OBJC_MSGSEND = YES;
				GCC_C_LANGUAGE_STANDARD = gnu99;
				GCC_NO_COMMON_BLOCKS = YES;
				GCC_WARN_64_TO_32_BIT_CONVERSION = YES;
				GCC_WARN_ABOUT_RETURN_TYPE = YES_ERROR;
				GCC_WARN_UNDECLARED_SELECTOR = YES;
				GCC_WARN_UNINITIALIZED_AUTOS = YES_AGGRESSIVE;
				GCC_WARN_UNUSED_FUNCTION = YES;
				GCC_WARN_UNUSED_VARIABLE = YES;
				IPHONEOS_DEPLOYMENT_TARGET = 9.3;
				MTL_ENABLE_DEBUG_INFO = NO;
				SDKROOT = iphoneos;
				TARGETED_DEVICE_FAMILY = "1,2";
				VALIDATE_PRODUCT = YES;
			};
			name = Release;
		};
		A4CB213E1CD760FF00355140 /* Debug */ = {
			isa = XCBuildConfiguration;
			buildSettings = {
				ASSETCATALOG_COMPILER_APPICON_NAME = AppIcon;
				DEVELOPMENT_TEAM = J26ST3TDCL;
				INFOPLIST_FILE = "$(SRCROOT)/CALScanQRCode/Resource/Info.plist";
				IPHONEOS_DEPLOYMENT_TARGET = 8.0;
				LD_RUNPATH_SEARCH_PATHS = "$(inherited) @executable_path/Frameworks";
				PRODUCT_BUNDLE_IDENTIFIER = cain.CALScanQRCode.estonger;
				PRODUCT_NAME = "$(TARGET_NAME)";
			};
			name = Debug;
		};
		A4CB213F1CD760FF00355140 /* Release */ = {
			isa = XCBuildConfiguration;
			buildSettings = {
				ASSETCATALOG_COMPILER_APPICON_NAME = AppIcon;
				DEVELOPMENT_TEAM = J26ST3TDCL;
				INFOPLIST_FILE = "$(SRCROOT)/CALScanQRCode/Resource/Info.plist";
				IPHONEOS_DEPLOYMENT_TARGET = 8.0;
				LD_RUNPATH_SEARCH_PATHS = "$(inherited) @executable_path/Frameworks";
				PRODUCT_BUNDLE_IDENTIFIER = cain.CALScanQRCode.estonger;
				PRODUCT_NAME = "$(TARGET_NAME)";
			};
			name = Release;
		};
/* End XCBuildConfiguration section */

/* Begin XCConfigurationList section */
		A4CB210B1CD760FF00355140 /* Build configuration list for PBXProject "CALScanQRCode" */ = {
			isa = XCConfigurationList;
			buildConfigurations = (
				A4CB213B1CD760FF00355140 /* Debug */,
				A4CB213C1CD760FF00355140 /* Release */,
			);
			defaultConfigurationIsVisible = 0;
			defaultConfigurationName = Release;
		};
		A4CB213D1CD760FF00355140 /* Build configuration list for PBXNativeTarget "CALScanQRCode" */ = {
			isa = XCConfigurationList;
			buildConfigurations = (
				A4CB213E1CD760FF00355140 /* Debug */,
				A4CB213F1CD760FF00355140 /* Release */,
			);
			defaultConfigurationIsVisible = 0;
			defaultConfigurationName = Release;
		};
/* End XCConfigurationList section */
	};
	rootObject = A4CB21081CD760FF00355140 /* Project object */;
}
